
Microsoft Visual Studio Solution File, Format Version 12.00
# Visual Studio Version 16
VisualStudioVersion = 16.0.31402.337
MinimumVisualStudioVersion = 10.0.40219.1
Project("{FAE04EC0-301F-11D3-BF4B-00C04F79EFBC}") = "Maikelsoft.ConsoleUtils", "Maikelsoft.ConsoleUtils.csproj", "{67A2EC89-0D93-4B37-A3AC-04BF7D732725}"
EndProject
Project("{FAE04EC0-301F-11D3-BF4B-00C04F79EFBC}") = "Maikelsoft.ConsoleUtils.TestApp", "..\Maikelsoft.ConsoleUtils.TestApp\Maikelsoft.ConsoleUtils.TestApp.csproj", "{DCFE1A5B-80D8-4DAE-8416-A06C7F490035}"
EndProject
Global
	GlobalSection(SolutionConfigurationPlatforms) = preSolution
		Debug|Any CPU = Debug|Any CPU
		Release|Any CPU = Release|Any CPU
	EndGlobalSection
	GlobalSection(ProjectConfigurationPlatforms) = postSolution
		{67A2EC89-0D93-4B37-A3AC-04BF7D732725}.Debug|Any CPU.ActiveCfg = Debug|Any CPU
		{67A2EC89-0D93-4B37-A3AC-04BF7D732725}.Debug|Any CPU.Build.0 = Debug|Any CPU
		{67A2EC89-0D93-4B37-A3AC-04BF7D732725}.Release|Any CPU.ActiveCfg = Release|Any CPU
		{67A2EC89-0D93-4B37-A3AC-04BF7D732725}.Release|Any CPU.Build.0 = Release|Any CPU
		{DCFE1A5B-80D8-4DAE-8416-A06C7F490035}.Debug|Any CPU.ActiveCfg = Debug|Any CPU
		{DCFE1A5B-80D8-4DAE-8416-A06C7F490035}.Debug|Any CPU.Build.0 = Debug|Any CPU
		{DCFE1A5B-80D8-4DAE-8416-A06C7F490035}.Release|Any CPU.ActiveCfg = Release|Any CPU
		{DCFE1A5B-80D8-4DAE-8416-A06C7F490035}.Release|Any CPU.Build.0 = Release|Any CPU
	EndGlobalSection
	GlobalSection(SolutionProperties) = preSolution
		HideSolutionNode = FALSE
	EndGlobalSection
	GlobalSection(ExtensibilityGlobals) = postSolution
		SolutionGuid = {32297E38-9AFE-4B86-9D14-731824C60891}
	EndGlobalSection
EndGlobal
